// !$*UTF8*$!
{
	archiveVersion = 1;
	classes = {
	};
	objectVersion = 50;
	objects = {

/* Begin PBXBuildFile section */
		DDABF97A2625261F00024D37 /* FruitCardView.swift in Sources */ = {isa = PBXBuildFile; fileRef = DDABF9792625261F00024D37 /* FruitCardView.swift */; };
		DDABF97D262532C700024D37 /* FruitStartButton.swift in Sources */ = {isa = PBXBuildFile; fileRef = DDABF97C262532C700024D37 /* FruitStartButton.swift */; };
		DDBFF848262B69EB001BD4DA /* OnboardingView.swift in Sources */ = {isa = PBXBuildFile; fileRef = DDBFF847262B69EB001BD4DA /* OnboardingView.swift */; };
		DDCF3016262391F10034FDCD /* FructsApp.swift in Sources */ = {isa = PBXBuildFile; fileRef = DDCF3015262391F10034FDCD /* FructsApp.swift */; };
		DDCF301A262391F20034FDCD /* Assets.xcassets in Resources */ = {isa = PBXBuildFile; fileRef = DDCF3019262391F20034FDCD /* Assets.xcassets */; };
		DDCF301D262391F20034FDCD /* Preview Assets.xcassets in Resources */ = {isa = PBXBuildFile; fileRef = DDCF301C262391F20034FDCD /* Preview Assets.xcassets */; };
/* End PBXBuildFile section */

/* Begin PBXFileReference section */
		DDABF9792625261F00024D37 /* FruitCardView.swift */ = {isa = PBXFileReference; lastKnownFileType = sourcecode.swift; path = FruitCardView.swift; sourceTree = "<group>"; };
		DDABF97C262532C700024D37 /* FruitStartButton.swift */ = {isa = PBXFileReference; lastKnownFileType = sourcecode.swift; path = FruitStartButton.swift; sourceTree = "<group>"; };
		DDBFF847262B69EB001BD4DA /* OnboardingView.swift */ = {isa = PBXFileReference; lastKnownFileType = sourcecode.swift; path = OnboardingView.swift; sourceTree = "<group>"; };
		DDCF3012262391F10034FDCD /* Fructs.app */ = {isa = PBXFileReference; explicitFileType = wrapper.application; includeInIndex = 0; path = Fructs.app; sourceTree = BUILT_PRODUCTS_DIR; };
		DDCF3015262391F10034FDCD /* FructsApp.swift */ = {isa = PBXFileReference; lastKnownFileType = sourcecode.swift; path = FructsApp.swift; sourceTree = "<group>"; };
		DDCF3019262391F20034FDCD /* Assets.xcassets */ = {isa = PBXFileReference; lastKnownFileType = folder.assetcatalog; path = Assets.xcassets; sourceTree = "<group>"; };
		DDCF301C262391F20034FDCD /* Preview Assets.xcassets */ = {isa = PBXFileReference; lastKnownFileType = folder.assetcatalog; path = "Preview Assets.xcassets"; sourceTree = "<group>"; };
		DDCF301E262391F20034FDCD /* Info.plist */ = {isa = PBXFileReference; lastKnownFileType = text.plist.xml; path = Info.plist; sourceTree = "<group>"; };
/* End PBXFileReference section */

/* Begin PBXFrameworksBuildPhase section */
		DDCF300F262391F10034FDCD /* Frameworks */ = {
			isa = PBXFrameworksBuildPhase;
			buildActionMask = 2147483647;
			files = (
			);
			runOnlyForDeploymentPostprocessing = 0;
		};
/* End PBXFrameworksBuildPhase section */

/* Begin PBXGroup section */
		DDABF977262525B200024D37 /* App */ = {
			isa = PBXGroup;
			children = (
				DDCF3015262391F10034FDCD /* FructsApp.swift */,
			);
			path = App;
			sourceTree = "<group>";
		};
		DDABF978262525BA00024D37 /* View */ = {
			isa = PBXGroup;
			children = (
				DDABF9792625261F00024D37 /* FruitCardView.swift */,
				DDABF97C262532C700024D37 /* FruitStartButton.swift */,
				DDBFF847262B69EB001BD4DA /* OnboardingView.swift */,
			);
			path = View;
			sourceTree = "<group>";
		};
		DDCF3009262391F10034FDCD = {
			isa = PBXGroup;
			children = (
				DDCF3014262391F10034FDCD /* Fructs */,
				DDCF3013262391F10034FDCD /* Products */,
			);
			sourceTree = "<group>";
		};
		DDCF3013262391F10034FDCD /* Products */ = {
			isa = PBXGroup;
			children = (
				DDCF3012262391F10034FDCD /* Fructs.app */,
			);
			name = Products;
			sourceTree = "<group>";
		};
		DDCF3014262391F10034FDCD /* Fructs */ = {
			isa = PBXGroup;
			children = (
				DDABF978262525BA00024D37 /* View */,
				DDABF977262525B200024D37 /* App */,
				DDCF3019262391F20034FDCD /* Assets.xcassets */,
				DDCF301E262391F20034FDCD /* Info.plist */,
				DDCF301B262391F20034FDCD /* Preview Content */,
			);
			path = Fructs;
			sourceTree = "<group>";
		};
		DDCF301B262391F20034FDCD /* Preview Content */ = {
			isa = PBXGroup;
			children = (
				DDCF301C262391F20034FDCD /* Preview Assets.xcassets */,
			);
			path = "Preview Content";
			sourceTree = "<group>";
		};
/* End PBXGroup section */

/* Begin PBXNativeTarget section */
		DDCF3011262391F10034FDCD /* Fructs */ = {
			isa = PBXNativeTarget;
			buildConfigurationList = DDCF3021262391F30034FDCD /* Build configuration list for PBXNativeTarget "Fructs" */;
			buildPhases = (
				DDCF300E262391F10034FDCD /* Sources */,
				DDCF300F262391F10034FDCD /* Frameworks */,
				DDCF3010262391F10034FDCD /* Resources */,
			);
			buildRules = (
			);
			dependencies = (
			);
			name = Fructs;
			productName = Fructs;
			productReference = DDCF3012262391F10034FDCD /* Fructs.app */;
			productType = "com.apple.product-type.application";
		};
/* End PBXNativeTarget section */

/* Begin PBXProject section */
		DDCF300A262391F10034FDCD /* Project object */ = {
			isa = PBXProject;
			attributes = {
				LastSwiftUpdateCheck = 1220;
				LastUpgradeCheck = 1220;
				TargetAttributes = {
					DDCF3011262391F10034FDCD = {
						CreatedOnToolsVersion = 12.2;
					};
				};
			};
			buildConfigurationList = DDCF300D262391F10034FDCD /* Build configuration list for PBXProject "Fructs" */;
			compatibilityVersion = "Xcode 9.3";
			developmentRegion = en;
			hasScannedForEncodings = 0;
			knownRegions = (
				en,
				Base,
			);
			mainGroup = DDCF3009262391F10034FDCD;
			productRefGroup = DDCF3013262391F10034FDCD /* Products */;
			projectDirPath = "";
			projectRoot = "";
			targets = (
				DDCF3011262391F10034FDCD /* Fructs */,
			);
		};
/* End PBXProject section */

/* Begin PBXResourcesBuildPhase section */
		DDCF3010262391F10034FDCD /* Resources */ = {
			isa = PBXResourcesBuildPhase;
			buildActionMask = 2147483647;
			files = (
				DDCF301D262391F20034FDCD /* Preview Assets.xcassets in Resources */,
				DDCF301A262391F20034FDCD /* Assets.xcassets in Resources */,
			);
			runOnlyForDeploymentPostprocessing = 0;
		};
/* End PBXResourcesBuildPhase section */

/* Begin PBXSourcesBuildPhase section */
		DDCF300E262391F10034FDCD /* Sources */ = {
			isa = PBXSourcesBuildPhase;
			buildActionMask = 2147483647;
			files = (
				DDABF97D262532C700024D37 /* FruitStartButton.swift in Sources */,
				DDBFF848262B69EB001BD4DA /* OnboardingView.swift in Sources */,
				DDABF97A2625261F00024D37 /* FruitCardView.swift in Sources */,
				DDCF3016262391F10034FDCD /* FructsApp.swift in Sources */,
			);
			runOnlyForDeploymentPostprocessing = 0;
		};
/* End PBXSourcesBuildPhase section */

/* Begin XCBuildConfiguration section */
		DDCF301F262391F30034FDCD /* Debug */ = {
			isa = XCBuildConfiguration;
			buildSettings = {
				ALWAYS_SEARCH_USER_PATHS = NO;
				CLANG_ANALYZER_NONNULL = YES;
				CLANG_ANALYZER_NUMBER_OBJECT_CONVERSION = YES_AGGRESSIVE;
				CLANG_CXX_LANGUAGE_STANDARD = "gnu++14";
				CLANG_CXX_LIBRARY = "libc++";
				CLANG_ENABLE_MODULES = YES;
				CLANG_ENABLE_OBJC_ARC = YES;
				CLANG_ENABLE_OBJC_WEAK = YES;
				CLANG_WARN_BLOCK_CAPTURE_AUTORELEASING = YES;
				CLANG_WARN_BOOL_CONVERSION = YES;
				CLANG_WARN_COMMA = YES;
				CLANG_WARN_CONSTANT_CONVERSION = YES;
				CLANG_WARN_DEPRECATED_OBJC_IMPLEMENTATIONS = YES;
				CLANG_WARN_DIRECT_OBJC_ISA_USAGE = YES_ERROR;
				CLANG_WARN_DOCUMENTATION_COMMENTS = YES;
				CLANG_WARN_EMPTY_BODY = YES;
				CLANG_WARN_ENUM_CONVERSION = YES;
				CLANG_WARN_INFINITE_RECURSION = YES;
				CLANG_WARN_INT_CONVERSION = YES;
				CLANG_WARN_NON_LITERAL_NULL_CONVERSION = YES;
				CLANG_WARN_OBJC_IMPLICIT_RETAIN_SELF = YES;
				CLANG_WARN_OBJC_LITERAL_CONVERSION = YES;
				CLANG_WARN_OBJC_ROOT_CLASS = YES_ERROR;
				CLANG_WARN_QUOTED_INCLUDE_IN_FRAMEWORK_HEADER = YES;
				CLANG_WARN_RANGE_LOOP_ANALYSIS = YES;
				CLANG_WARN_STRICT_PROTOTYPES = YES;
				CLANG_WARN_SUSPICIOUS_MOVE = YES;
				CLANG_WARN_UNGUARDED_AVAILABILITY = YES_AGGRESSIVE;
				CLANG_WARN_UNREACHABLE_CODE = YES;
				CLANG_WARN__DUPLICATE_METHOD_MATCH = YES;
				COPY_PHASE_STRIP = NO;
				DEBUG_INFORMATION_FORMAT = dwarf;
				ENABLE_STRICT_OBJC_MSGSEND = YES;
				ENABLE_TESTABILITY = YES;
				GCC_C_LANGUAGE_STANDARD = gnu11;
				GCC_DYNAMIC_NO_PIC = NO;
				GCC_NO_COMMON_BLOCKS = YES;
				GCC_OPTIMIZATION_LEVEL = 0;
				GCC_PREPROCESSOR_DEFINITIONS = (
					"DEBUG=1",
					"$(inherited)",
				);
				GCC_WARN_64_TO_32_BIT_CONVERSION = YES;
				GCC_WARN_ABOUT_RETURN_TYPE = YES_ERROR;
				GCC_WARN_UNDECLARED_SELECTOR = YES;
				GCC_WARN_UNINITIALIZED_AUTOS = YES_AGGRESSIVE;
				GCC_WARN_UNUSED_FUNCTION = YES;
				GCC_WARN_UNUSED_VARIABLE = YES;
				IPHONEOS_DEPLOYMENT_TARGET = 14.2;
				MTL_ENABLE_DEBUG_INFO = INCLUDE_SOURCE;
				MTL_FAST_MATH = YES;
				ONLY_ACTIVE_ARCH = YES;
				SDKROOT = iphoneos;
				SWIFT_ACTIVE_COMPILATION_CONDITIONS = DEBUG;
				SWIFT_OPTIMIZATION_LEVEL = "-Onone";
			};
			name = Debug;
		};
		DDCF3020262391F30034FDCD /* Release */ = {
			isa = XCBuildConfiguration;
			buildSettings = {
				ALWAYS_SEARCH_USER_PATHS = NO;
				CLANG_ANALYZER_NONNULL = YES;
				CLANG_ANALYZER_NUMBER_OBJECT_CONVERSION = YES_AGGRESSIVE;
				CLANG_CXX_LANGUAGE_STANDARD = "gnu++14";
				CLANG_CXX_LIBRARY = "libc++";
				CLANG_ENABLE_MODULES = YES;
				CLANG_ENABLE_OBJC_ARC = YES;
				CLANG_ENABLE_OBJC_WEAK = YES;
				CLANG_WARN_BLOCK_CAPTURE_AUTORELEASING = YES;
				CLANG_WARN_BOOL_CONVERSION = YES;
				CLANG_WARN_COMMA = YES;
				CLANG_WARN_CONSTANT_CONVERSION = YES;
				CLANG_WARN_DEPRECATED_OBJC_IMPLEMENTATIONS = YES;
				CLANG_WARN_DIRECT_OBJC_ISA_USAGE = YES_ERROR;
				CLANG_WARN_DOCUMENTATION_COMMENTS = YES;
				CLANG_WARN_EMPTY_BODY = YES;
				CLANG_WARN_ENUM_CONVERSION = YES;
				CLANG_WARN_INFINITE_RECURSION = YES;
				CLANG_WARN_INT_CONVERSION = YES;
				CLANG_WARN_NON_LITERAL_NULL_CONVERSION = YES;
				CLANG_WARN_OBJC_IMPLICIT_RETAIN_SELF = YES;
				CLANG_WARN_OBJC_LITERAL_CONVERSION = YES;
				CLANG_WARN_OBJC_ROOT_CLASS = YES_ERROR;
				CLANG_WARN_QUOTED_INCLUDE_IN_FRAMEWORK_HEADER = YES;
				CLANG_WARN_RANGE_LOOP_ANALYSIS = YES;
				CLANG_WARN_STRICT_PROTOTYPES = YES;
				CLANG_WARN_SUSPICIOUS_MOVE = YES;
				CLANG_WARN_UNGUARDED_AVAILABILITY = YES_AGGRESSIVE;
				CLANG_WARN_UNREACHABLE_CODE = YES;
				CLANG_WARN__DUPLICATE_METHOD_MATCH = YES;
				COPY_PHASE_STRIP = NO;
				DEBUG_INFORMATION_FORMAT = "dwarf-with-dsym";
				ENABLE_NS_ASSERTIONS = NO;
				ENABLE_STRICT_OBJC_MSGSEND = YES;
				GCC_C_LANGUAGE_STANDARD = gnu11;
				GCC_NO_COMMON_BLOCKS = YES;
				GCC_WARN_64_TO_32_BIT_CONVERSION = YES;
				GCC_WARN_ABOUT_RETURN_TYPE = YES_ERROR;
				GCC_WARN_UNDECLARED_SELECTOR = YES;
				GCC_WARN_UNINITIALIZED_AUTOS = YES_AGGRESSIVE;
				GCC_WARN_UNUSED_FUNCTION = YES;
				GCC_WARN_UNUSED_VARIABLE = YES;
				IPHONEOS_DEPLOYMENT_TARGET = 14.2;
				MTL_ENABLE_DEBUG_INFO = NO;
				MTL_FAST_MATH = YES;
				SDKROOT = iphoneos;
				SWIFT_COMPILATION_MODE = wholemodule;
				SWIFT_OPTIMIZATION_LEVEL = "-O";
				VALIDATE_PRODUCT = YES;
			};
			name = Release;
		};
		DDCF3022262391F30034FDCD /* Debug */ = {
			isa = XCBuildConfiguration;
			buildSettings = {
				ASSETCATALOG_COMPILER_APPICON_NAME = AppIcon;
				ASSETCATALOG_COMPILER_GLOBAL_ACCENT_COLOR_NAME = AccentColor;
				CODE_SIGN_STYLE = Automatic;
				DEVELOPMENT_ASSET_PATHS = "\"Fructs/Preview Content\"";
				ENABLE_PREVIEWS = YES;
				INFOPLIST_FILE = Fructs/Info.plist;
				IPHONEOS_DEPLOYMENT_TARGET = 14.0;
				LD_RUNPATH_SEARCH_PATHS = (
					"$(inherited)",
					"@executable_path/Frameworks",
				);
				PRODUCT_BUNDLE_IDENTIFIER = bruno.raphael.Fructs;
				PRODUCT_NAME = "$(TARGET_NAME)";
				SWIFT_VERSION = 5.0;
				TARGETED_DEVICE_FAMILY = "1,2";
			};
			name = Debug;
		};
		DDCF3023262391F30034FDCD /* Release */ = {
			isa = XCBuildConfiguration;
			buildSettings = {
				ASSETCATALOG_COMPILER_APPICON_NAME = AppIcon;
				ASSETCATALOG_COMPILER_GLOBAL_ACCENT_COLOR_NAME = AccentColor;
				CODE_SIGN_STYLE = Automatic;
				DEVELOPMENT_ASSET_PATHS = "\"Fructs/Preview Content\"";
				ENABLE_PREVIEWS = YES;
				INFOPLIST_FILE = Fructs/Info.plist;
				IPHONEOS_DEPLOYMENT_TARGET = 14.0;
				LD_RUNPATH_SEARCH_PATHS = (
					"$(inherited)",
					"@executable_path/Frameworks",
				);
				PRODUCT_BUNDLE_IDENTIFIER = bruno.raphael.Fructs;
				PRODUCT_NAME = "$(TARGET_NAME)";
				SWIFT_VERSION = 5.0;
				TARGETED_DEVICE_FAMILY = "1,2";
			};
			name = Release;
		};
/* End XCBuildConfiguration section */

/* Begin XCConfigurationList section */
		DDCF300D262391F10034FDCD /* Build configuration list for PBXProject "Fructs" */ = {
			isa = XCConfigurationList;
			buildConfigurations = (
				DDCF301F262391F30034FDCD /* Debug */,
				DDCF3020262391F30034FDCD /* Release */,
			);
			defaultConfigurationIsVisible = 0;
			defaultConfigurationName = Release;
		};
		DDCF3021262391F30034FDCD /* Build configuration list for PBXNativeTarget "Fructs" */ = {
			isa = XCConfigurationList;
			buildConfigurations = (
				DDCF3022262391F30034FDCD /* Debug */,
				DDCF3023262391F30034FDCD /* Release */,
			);
			defaultConfigurationIsVisible = 0;
			defaultConfigurationName = Release;
		};
/* End XCConfigurationList section */
	};
	rootObject = DDCF300A262391F10034FDCD /* Project object */;
}
